
Microsoft Visual Studio Solution File, Format Version 12.00
# Visual Studio Version 17
VisualStudioVersion = 17.14.36221.1 d17.14
MinimumVisualStudioVersion = 10.0.40219.1
Project("{FAE04EC0-301F-11D3-BF4B-00C04F79EFBC}") = "PocketServer", "PocketServer.csproj", "{94C107C5-FEE5-4A6B-8FD7-D4D6C752556A}"
EndProject
Global
	GlobalSection(SolutionConfigurationPlatforms) = preSolution
		Debug|Any CPU = Debug|Any CPU
		Release|Any CPU = Release|Any CPU
	EndGlobalSection
	GlobalSection(ProjectConfigurationPlatforms) = postSolution
		{94C107C5-FEE5-4A6B-8FD7-D4D6C752556A}.Debug|Any CPU.ActiveCfg = Debug|Any CPU
		{94C107C5-FEE5-4A6B-8FD7-D4D6C752556A}.Debug|Any CPU.Build.0 = Debug|Any CPU
		{94C107C5-FEE5-4A6B-8FD7-D4D6C752556A}.Release|Any CPU.ActiveCfg = Release|Any CPU
		{94C107C5-FEE5-4A6B-8FD7-D4D6C752556A}.Release|Any CPU.Build.0 = Release|Any CPU
	EndGlobalSection
	GlobalSection(SolutionProperties) = preSolution
		HideSolutionNode = FALSE
	EndGlobalSection
	GlobalSection(ExtensibilityGlobals) = postSolution
		SolutionGuid = {8F9BDF34-5869-48A7-98C3-BE53231AF88F}
	EndGlobalSection
EndGlobal
